
Microsoft Visual Studio Solution File, Format Version 12.00
# Visual Studio 15
VisualStudioVersion = 15.0.26228.9
MinimumVisualStudioVersion = 10.0.40219.1
Project("{2150E333-8FDC-42A3-9474-1A3956D46DE8}") = "test", "test", "{4D2BAE52-1E23-4321-BBE6-2BAC28F7B389}"
EndProject
Project("{2150E333-8FDC-42A3-9474-1A3956D46DE8}") = "src", "src", "{23CB5044-8ECE-4DDC-89E0-FC1B8EC9DDDF}"
EndProject
Project("{2150E333-8FDC-42A3-9474-1A3956D46DE8}") = "Solution Items", "Solution Items", "{5D8189AC-B744-4EE6-B590-8E09FA5E4759}"
	ProjectSection(SolutionItems) = preProject
		.gitignore = .gitignore
		appveyor.yml = appveyor.yml
		LICENSE = LICENSE
		README.md = README.md
	EndProjectSection
EndProject
Project("{9A19103F-16F7-4668-BE54-9A1E7A4F7556}") = "Stove", "src\Stove\Stove.csproj", "{3E6ED7B7-031B-4BB0-9682-0B87189C16FD}"
EndProject
Project("{9A19103F-16F7-4668-BE54-9A1E7A4F7556}") = "Stove.EntityFramework", "src\Stove.EntityFramework\Stove.EntityFramework.csproj", "{38240661-A269-4ED4-8CF0-249BF09BF52D}"
EndProject
Project("{9A19103F-16F7-4668-BE54-9A1E7A4F7556}") = "Stove.HangFire", "src\Stove.HangFire\Stove.HangFire.csproj", "{3829D36D-C8DB-4571-9A57-1821A5AC0085}"
EndProject
Project("{9A19103F-16F7-4668-BE54-9A1E7A4F7556}") = "Stove.NLog", "src\Stove.NLog\Stove.NLog.csproj", "{B780E514-6F9F-45A3-94B1-D1E83C6E20AC}"
EndProject
Project("{9A19103F-16F7-4668-BE54-9A1E7A4F7556}") = "Stove.Tests", "test\Stove.Tests\Stove.Tests.csproj", "{DACA9BC4-BE8A-4FFE-9243-74FBBC70FA5B}"
EndProject
Project("{9A19103F-16F7-4668-BE54-9A1E7A4F7556}") = "Stove.TestBase", "test\Stove.TestBase\Stove.TestBase.csproj", "{F14A49EE-4931-4A13-86E2-74DAACFEAB94}"
EndProject
Project("{9A19103F-16F7-4668-BE54-9A1E7A4F7556}") = "Stove.EntityFramework.Tests", "test\Stove.EntityFramework.Tests\Stove.EntityFramework.Tests.csproj", "{A540038F-D692-41E6-9455-8D420E024A86}"
EndProject
Project("{9A19103F-16F7-4668-BE54-9A1E7A4F7556}") = "Stove.Demo.ConsoleApp", "test\Stove.Demo.ConsoleApp\Stove.Demo.ConsoleApp.csproj", "{7428E8F9-A34C-4B05-B4FF-D5A0E19F3BE1}"
EndProject
Project("{9A19103F-16F7-4668-BE54-9A1E7A4F7556}") = "Stove.Tests.SampleApplication", "test\Stove.Tests.SampleApplication\Stove.Tests.SampleApplication.csproj", "{1A13425B-038F-4F76-86C1-F25E5F02991C}"
EndProject
Project("{9A19103F-16F7-4668-BE54-9A1E7A4F7556}") = "Stove.Dapper", "src\Stove.Dapper\Stove.Dapper.csproj", "{5D02A99B-2E08-44C5-83FB-F607AFA2B6FF}"
EndProject
Project("{9A19103F-16F7-4668-BE54-9A1E7A4F7556}") = "Stove.Mapster", "src\Stove.Mapster\Stove.Mapster.csproj", "{0213E41B-70C4-4E53-89ED-70A1753CAF4B}"
EndProject
Project("{9A19103F-16F7-4668-BE54-9A1E7A4F7556}") = "Stove.Redis", "src\Stove.Redis\Stove.Redis.csproj", "{555DA8DA-3F03-4943-B6E3-C3ED8D258969}"
EndProject
Project("{9A19103F-16F7-4668-BE54-9A1E7A4F7556}") = "Stove.RabbitMQ", "src\Stove.RabbitMQ\Stove.RabbitMQ.csproj", "{C81A0EB0-6379-46C1-9BC5-A9CBBAC0069B}"
EndProject
Project("{9A19103F-16F7-4668-BE54-9A1E7A4F7556}") = "Stove.RabbitMQ.Tests", "test\Stove.RabbitMQ.Tests\Stove.RabbitMQ.Tests.csproj", "{F024076F-A7AA-4B54-9F01-D3691A8BC988}"
EndProject
Project("{9A19103F-16F7-4668-BE54-9A1E7A4F7556}") = "Stove.Mapster.Tests", "test\Stove.Mapster.Tests\Stove.Mapster.Tests.csproj", "{7182FAE3-631D-4485-AF40-69D60A8BD8B7}"
EndProject
Project("{9A19103F-16F7-4668-BE54-9A1E7A4F7556}") = "Stove.Hangfire.Tests", "test\Stove.Hangfire.Tests\Stove.Hangfire.Tests.csproj", "{44BFDB6A-ECAD-4B6C-8616-2EC182706FD1}"
EndProject
Project("{FAE04EC0-301F-11D3-BF4B-00C04F79EFBC}") = "Stove.Dapper.Tests", "test\Stove.Dapper.Tests\Stove.Dapper.Tests.csproj", "{C4CCB48D-8B1E-4640-8B42-8E840678B120}"
EndProject
Project("{FAE04EC0-301F-11D3-BF4B-00C04F79EFBC}") = "Stove.NHibernate", "src\Stove.NHibernate\Stove.NHibernate.csproj", "{B2BF70AB-4D1E-43C3-9994-28247CCFF69C}"
EndProject
Project("{FAE04EC0-301F-11D3-BF4B-00C04F79EFBC}") = "Stove.NHibernate.Tests", "test\Stove.NHibernate.Tests\Stove.NHibernate.Tests.csproj", "{7D034039-62FF-4E79-8028-99A5B0F9E441}"
EndProject
Global
	GlobalSection(SolutionConfigurationPlatforms) = preSolution
		Debug|Any CPU = Debug|Any CPU
		Release|Any CPU = Release|Any CPU
	EndGlobalSection
	GlobalSection(ProjectConfigurationPlatforms) = postSolution
		{3E6ED7B7-031B-4BB0-9682-0B87189C16FD}.Debug|Any CPU.ActiveCfg = Debug|Any CPU
		{3E6ED7B7-031B-4BB0-9682-0B87189C16FD}.Debug|Any CPU.Build.0 = Debug|Any CPU
		{3E6ED7B7-031B-4BB0-9682-0B87189C16FD}.Release|Any CPU.ActiveCfg = Release|Any CPU
		{3E6ED7B7-031B-4BB0-9682-0B87189C16FD}.Release|Any CPU.Build.0 = Release|Any CPU
		{38240661-A269-4ED4-8CF0-249BF09BF52D}.Debug|Any CPU.ActiveCfg = Debug|Any CPU
		{38240661-A269-4ED4-8CF0-249BF09BF52D}.Debug|Any CPU.Build.0 = Debug|Any CPU
		{38240661-A269-4ED4-8CF0-249BF09BF52D}.Release|Any CPU.ActiveCfg = Release|Any CPU
		{38240661-A269-4ED4-8CF0-249BF09BF52D}.Release|Any CPU.Build.0 = Release|Any CPU
		{3829D36D-C8DB-4571-9A57-1821A5AC0085}.Debug|Any CPU.ActiveCfg = Debug|Any CPU
		{3829D36D-C8DB-4571-9A57-1821A5AC0085}.Debug|Any CPU.Build.0 = Debug|Any CPU
		{3829D36D-C8DB-4571-9A57-1821A5AC0085}.Release|Any CPU.ActiveCfg = Release|Any CPU
		{3829D36D-C8DB-4571-9A57-1821A5AC0085}.Release|Any CPU.Build.0 = Release|Any CPU
		{B780E514-6F9F-45A3-94B1-D1E83C6E20AC}.Debug|Any CPU.ActiveCfg = Debug|Any CPU
		{B780E514-6F9F-45A3-94B1-D1E83C6E20AC}.Debug|Any CPU.Build.0 = Debug|Any CPU
		{B780E514-6F9F-45A3-94B1-D1E83C6E20AC}.Release|Any CPU.ActiveCfg = Release|Any CPU
		{B780E514-6F9F-45A3-94B1-D1E83C6E20AC}.Release|Any CPU.Build.0 = Release|Any CPU
		{DACA9BC4-BE8A-4FFE-9243-74FBBC70FA5B}.Debug|Any CPU.ActiveCfg = Debug|Any CPU
		{DACA9BC4-BE8A-4FFE-9243-74FBBC70FA5B}.Debug|Any CPU.Build.0 = Debug|Any CPU
		{DACA9BC4-BE8A-4FFE-9243-74FBBC70FA5B}.Release|Any CPU.ActiveCfg = Release|Any CPU
		{DACA9BC4-BE8A-4FFE-9243-74FBBC70FA5B}.Release|Any CPU.Build.0 = Release|Any CPU
		{F14A49EE-4931-4A13-86E2-74DAACFEAB94}.Debug|Any CPU.ActiveCfg = Debug|Any CPU
		{F14A49EE-4931-4A13-86E2-74DAACFEAB94}.Debug|Any CPU.Build.0 = Debug|Any CPU
		{F14A49EE-4931-4A13-86E2-74DAACFEAB94}.Release|Any CPU.ActiveCfg = Release|Any CPU
		{F14A49EE-4931-4A13-86E2-74DAACFEAB94}.Release|Any CPU.Build.0 = Release|Any CPU
		{A540038F-D692-41E6-9455-8D420E024A86}.Debug|Any CPU.ActiveCfg = Debug|Any CPU
		{A540038F-D692-41E6-9455-8D420E024A86}.Debug|Any CPU.Build.0 = Debug|Any CPU
		{A540038F-D692-41E6-9455-8D420E024A86}.Release|Any CPU.ActiveCfg = Release|Any CPU
		{A540038F-D692-41E6-9455-8D420E024A86}.Release|Any CPU.Build.0 = Release|Any CPU
		{7428E8F9-A34C-4B05-B4FF-D5A0E19F3BE1}.Debug|Any CPU.ActiveCfg = Debug|Any CPU
		{7428E8F9-A34C-4B05-B4FF-D5A0E19F3BE1}.Debug|Any CPU.Build.0 = Debug|Any CPU
		{7428E8F9-A34C-4B05-B4FF-D5A0E19F3BE1}.Release|Any CPU.ActiveCfg = Release|Any CPU
		{7428E8F9-A34C-4B05-B4FF-D5A0E19F3BE1}.Release|Any CPU.Build.0 = Release|Any CPU
		{1A13425B-038F-4F76-86C1-F25E5F02991C}.Debug|Any CPU.ActiveCfg = Debug|Any CPU
		{1A13425B-038F-4F76-86C1-F25E5F02991C}.Debug|Any CPU.Build.0 = Debug|Any CPU
		{1A13425B-038F-4F76-86C1-F25E5F02991C}.Release|Any CPU.ActiveCfg = Release|Any CPU
		{1A13425B-038F-4F76-86C1-F25E5F02991C}.Release|Any CPU.Build.0 = Release|Any CPU
		{5D02A99B-2E08-44C5-83FB-F607AFA2B6FF}.Debug|Any CPU.ActiveCfg = Debug|Any CPU
		{5D02A99B-2E08-44C5-83FB-F607AFA2B6FF}.Debug|Any CPU.Build.0 = Debug|Any CPU
		{5D02A99B-2E08-44C5-83FB-F607AFA2B6FF}.Release|Any CPU.ActiveCfg = Release|Any CPU
		{5D02A99B-2E08-44C5-83FB-F607AFA2B6FF}.Release|Any CPU.Build.0 = Release|Any CPU
		{0213E41B-70C4-4E53-89ED-70A1753CAF4B}.Debug|Any CPU.ActiveCfg = Debug|Any CPU
		{0213E41B-70C4-4E53-89ED-70A1753CAF4B}.Debug|Any CPU.Build.0 = Debug|Any CPU
		{0213E41B-70C4-4E53-89ED-70A1753CAF4B}.Release|Any CPU.ActiveCfg = Release|Any CPU
		{0213E41B-70C4-4E53-89ED-70A1753CAF4B}.Release|Any CPU.Build.0 = Release|Any CPU
		{555DA8DA-3F03-4943-B6E3-C3ED8D258969}.Debug|Any CPU.ActiveCfg = Debug|Any CPU
		{555DA8DA-3F03-4943-B6E3-C3ED8D258969}.Debug|Any CPU.Build.0 = Debug|Any CPU
		{555DA8DA-3F03-4943-B6E3-C3ED8D258969}.Release|Any CPU.ActiveCfg = Release|Any CPU
		{555DA8DA-3F03-4943-B6E3-C3ED8D258969}.Release|Any CPU.Build.0 = Release|Any CPU
		{C81A0EB0-6379-46C1-9BC5-A9CBBAC0069B}.Debug|Any CPU.ActiveCfg = Debug|Any CPU
		{C81A0EB0-6379-46C1-9BC5-A9CBBAC0069B}.Debug|Any CPU.Build.0 = Debug|Any CPU
		{C81A0EB0-6379-46C1-9BC5-A9CBBAC0069B}.Release|Any CPU.ActiveCfg = Release|Any CPU
		{C81A0EB0-6379-46C1-9BC5-A9CBBAC0069B}.Release|Any CPU.Build.0 = Release|Any CPU
		{F024076F-A7AA-4B54-9F01-D3691A8BC988}.Debug|Any CPU.ActiveCfg = Debug|Any CPU
		{F024076F-A7AA-4B54-9F01-D3691A8BC988}.Debug|Any CPU.Build.0 = Debug|Any CPU
		{F024076F-A7AA-4B54-9F01-D3691A8BC988}.Release|Any CPU.ActiveCfg = Release|Any CPU
		{F024076F-A7AA-4B54-9F01-D3691A8BC988}.Release|Any CPU.Build.0 = Release|Any CPU
		{7182FAE3-631D-4485-AF40-69D60A8BD8B7}.Debug|Any CPU.ActiveCfg = Debug|Any CPU
		{7182FAE3-631D-4485-AF40-69D60A8BD8B7}.Debug|Any CPU.Build.0 = Debug|Any CPU
		{7182FAE3-631D-4485-AF40-69D60A8BD8B7}.Release|Any CPU.ActiveCfg = Release|Any CPU
		{7182FAE3-631D-4485-AF40-69D60A8BD8B7}.Release|Any CPU.Build.0 = Release|Any CPU
		{44BFDB6A-ECAD-4B6C-8616-2EC182706FD1}.Debug|Any CPU.ActiveCfg = Debug|Any CPU
		{44BFDB6A-ECAD-4B6C-8616-2EC182706FD1}.Debug|Any CPU.Build.0 = Debug|Any CPU
		{44BFDB6A-ECAD-4B6C-8616-2EC182706FD1}.Release|Any CPU.ActiveCfg = Release|Any CPU
		{44BFDB6A-ECAD-4B6C-8616-2EC182706FD1}.Release|Any CPU.Build.0 = Release|Any CPU
		{C4CCB48D-8B1E-4640-8B42-8E840678B120}.Debug|Any CPU.ActiveCfg = Debug|Any CPU
		{C4CCB48D-8B1E-4640-8B42-8E840678B120}.Debug|Any CPU.Build.0 = Debug|Any CPU
		{C4CCB48D-8B1E-4640-8B42-8E840678B120}.Release|Any CPU.ActiveCfg = Release|Any CPU
		{C4CCB48D-8B1E-4640-8B42-8E840678B120}.Release|Any CPU.Build.0 = Release|Any CPU
		{B2BF70AB-4D1E-43C3-9994-28247CCFF69C}.Debug|Any CPU.ActiveCfg = Debug|Any CPU
		{B2BF70AB-4D1E-43C3-9994-28247CCFF69C}.Debug|Any CPU.Build.0 = Debug|Any CPU
		{B2BF70AB-4D1E-43C3-9994-28247CCFF69C}.Release|Any CPU.ActiveCfg = Release|Any CPU
		{B2BF70AB-4D1E-43C3-9994-28247CCFF69C}.Release|Any CPU.Build.0 = Release|Any CPU
		{7D034039-62FF-4E79-8028-99A5B0F9E441}.Debug|Any CPU.ActiveCfg = Debug|Any CPU
		{7D034039-62FF-4E79-8028-99A5B0F9E441}.Debug|Any CPU.Build.0 = Debug|Any CPU
		{7D034039-62FF-4E79-8028-99A5B0F9E441}.Release|Any CPU.ActiveCfg = Release|Any CPU
		{7D034039-62FF-4E79-8028-99A5B0F9E441}.Release|Any CPU.Build.0 = Release|Any CPU
	EndGlobalSection
	GlobalSection(SolutionProperties) = preSolution
		HideSolutionNode = FALSE
	EndGlobalSection
	GlobalSection(NestedProjects) = preSolution
		{3E6ED7B7-031B-4BB0-9682-0B87189C16FD} = {23CB5044-8ECE-4DDC-89E0-FC1B8EC9DDDF}
		{38240661-A269-4ED4-8CF0-249BF09BF52D} = {23CB5044-8ECE-4DDC-89E0-FC1B8EC9DDDF}
		{3829D36D-C8DB-4571-9A57-1821A5AC0085} = {23CB5044-8ECE-4DDC-89E0-FC1B8EC9DDDF}
		{B780E514-6F9F-45A3-94B1-D1E83C6E20AC} = {23CB5044-8ECE-4DDC-89E0-FC1B8EC9DDDF}
		{DACA9BC4-BE8A-4FFE-9243-74FBBC70FA5B} = {4D2BAE52-1E23-4321-BBE6-2BAC28F7B389}
		{F14A49EE-4931-4A13-86E2-74DAACFEAB94} = {4D2BAE52-1E23-4321-BBE6-2BAC28F7B389}
		{A540038F-D692-41E6-9455-8D420E024A86} = {4D2BAE52-1E23-4321-BBE6-2BAC28F7B389}
		{7428E8F9-A34C-4B05-B4FF-D5A0E19F3BE1} = {4D2BAE52-1E23-4321-BBE6-2BAC28F7B389}
		{1A13425B-038F-4F76-86C1-F25E5F02991C} = {4D2BAE52-1E23-4321-BBE6-2BAC28F7B389}
		{5D02A99B-2E08-44C5-83FB-F607AFA2B6FF} = {23CB5044-8ECE-4DDC-89E0-FC1B8EC9DDDF}
		{0213E41B-70C4-4E53-89ED-70A1753CAF4B} = {23CB5044-8ECE-4DDC-89E0-FC1B8EC9DDDF}
		{555DA8DA-3F03-4943-B6E3-C3ED8D258969} = {23CB5044-8ECE-4DDC-89E0-FC1B8EC9DDDF}
		{C81A0EB0-6379-46C1-9BC5-A9CBBAC0069B} = {23CB5044-8ECE-4DDC-89E0-FC1B8EC9DDDF}
		{F024076F-A7AA-4B54-9F01-D3691A8BC988} = {4D2BAE52-1E23-4321-BBE6-2BAC28F7B389}
		{7182FAE3-631D-4485-AF40-69D60A8BD8B7} = {4D2BAE52-1E23-4321-BBE6-2BAC28F7B389}
		{44BFDB6A-ECAD-4B6C-8616-2EC182706FD1} = {4D2BAE52-1E23-4321-BBE6-2BAC28F7B389}
		{C4CCB48D-8B1E-4640-8B42-8E840678B120} = {4D2BAE52-1E23-4321-BBE6-2BAC28F7B389}
		{B2BF70AB-4D1E-43C3-9994-28247CCFF69C} = {23CB5044-8ECE-4DDC-89E0-FC1B8EC9DDDF}
		{7D034039-62FF-4E79-8028-99A5B0F9E441} = {4D2BAE52-1E23-4321-BBE6-2BAC28F7B389}
	EndGlobalSection
EndGlobal
